
Microsoft Visual Studio Solution File, Format Version 12.00
# Visual Studio 14
VisualStudioVersion = 14.0.25420.1
MinimumVisualStudioVersion = 10.0.40219.1
Project("{FAE04EC0-301F-11D3-BF4B-00C04F79EFBC}") = "Calculator", "Calculator\Calculator.csproj", "{A03803E1-4832-4991-9B80-5CD06686AA54}"
EndProject
Project("{FAE04EC0-301F-11D3-BF4B-00C04F79EFBC}") = "Calculator.Tests2", "Calculator.Tests2\Calculator.Tests2.csproj", "{A06A9AA1-71A8-48A2-A9DF-457E69329276}"
EndProject
Project("{FAE04EC0-301F-11D3-BF4B-00C04F79EFBC}") = "NameJoiner", "NameJoiner\NameJoiner.csproj", "{0D25E3B0-A88B-4931-BAFE-7F25044454FA}"
EndProject
Project("{2150E333-8FDC-42A3-9474-1A3956D46DE8}") = "Task1", "Task1", "{C6D31427-99AD-477F-BAD7-71594BADD0FC}"
EndProject
Project("{2150E333-8FDC-42A3-9474-1A3956D46DE8}") = "Task2", "Task2", "{D8ECFD29-7A63-4B9B-9F58-4E84DA0AB777}"
EndProject
Project("{FAE04EC0-301F-11D3-BF4B-00C04F79EFBC}") = "NameJoinerTests", "NameJoinerTests\NameJoinerTests.csproj", "{107E1B07-7198-45DC-89F0-65C8D3D57C8D}"
EndProject
Project("{2150E333-8FDC-42A3-9474-1A3956D46DE8}") = "Task3", "Task3", "{6BC67263-6069-4B81-94D6-720EE12A33E6}"
EndProject
Project("{FAE04EC0-301F-11D3-BF4B-00C04F79EFBC}") = "Calculator2", "Calculator2\Calculator2.csproj", "{B2A0553B-BB31-4C25-8BC2-06BBF338A01C}"
EndProject
Project("{FAE04EC0-301F-11D3-BF4B-00C04F79EFBC}") = "CalculatorTests", "CalculatorTests\CalculatorTests.csproj", "{D7613F80-EAA1-4F67-9400-B6655FACDF83}"
EndProject
Project("{2150E333-8FDC-42A3-9474-1A3956D46DE8}") = "Task4", "Task4", "{3F7619C8-ADE7-492C-8C07-F13602B21CFE}"
EndProject
Project("{FAE04EC0-301F-11D3-BF4B-00C04F79EFBC}") = "SpecialDataStore", "SpecialDataStore\SpecialDataStore.csproj", "{FD3AE3CC-F9C1-495A-BF32-9327186C61EB}"
EndProject
Project("{FAE04EC0-301F-11D3-BF4B-00C04F79EFBC}") = "SpecialDataStoreTests", "SpecialDataStoreTests\SpecialDataStoreTests.csproj", "{C4ABD656-3137-4FCB-976E-97D2C6C64BEF}"
EndProject
Project("{2150E333-8FDC-42A3-9474-1A3956D46DE8}") = "Task5", "Task5", "{EFA1143F-ECD4-45B7-BE46-905988D7ABC3}"
EndProject
Project("{FAE04EC0-301F-11D3-BF4B-00C04F79EFBC}") = "PlayerCharacter", "PlayerCharacter\PlayerCharacter.csproj", "{16A49B42-8930-46ED-A7D3-179A4CF12569}"
EndProject
Project("{FAE04EC0-301F-11D3-BF4B-00C04F79EFBC}") = "PlayerCharacterTests", "PlayerCharacterTests\PlayerCharacterTests.csproj", "{CDF7EA7D-84CE-46DC-BE25-F4627E2F9809}"
EndProject
Global
	GlobalSection(SolutionConfigurationPlatforms) = preSolution
		Debug|Any CPU = Debug|Any CPU
		Release|Any CPU = Release|Any CPU
	EndGlobalSection
	GlobalSection(ProjectConfigurationPlatforms) = postSolution
		{A03803E1-4832-4991-9B80-5CD06686AA54}.Debug|Any CPU.ActiveCfg = Debug|Any CPU
		{A03803E1-4832-4991-9B80-5CD06686AA54}.Debug|Any CPU.Build.0 = Debug|Any CPU
		{A03803E1-4832-4991-9B80-5CD06686AA54}.Release|Any CPU.ActiveCfg = Release|Any CPU
		{A03803E1-4832-4991-9B80-5CD06686AA54}.Release|Any CPU.Build.0 = Release|Any CPU
		{A06A9AA1-71A8-48A2-A9DF-457E69329276}.Debug|Any CPU.ActiveCfg = Debug|Any CPU
		{A06A9AA1-71A8-48A2-A9DF-457E69329276}.Debug|Any CPU.Build.0 = Debug|Any CPU
		{A06A9AA1-71A8-48A2-A9DF-457E69329276}.Release|Any CPU.ActiveCfg = Release|Any CPU
		{A06A9AA1-71A8-48A2-A9DF-457E69329276}.Release|Any CPU.Build.0 = Release|Any CPU
		{0D25E3B0-A88B-4931-BAFE-7F25044454FA}.Debug|Any CPU.ActiveCfg = Debug|Any CPU
		{0D25E3B0-A88B-4931-BAFE-7F25044454FA}.Debug|Any CPU.Build.0 = Debug|Any CPU
		{0D25E3B0-A88B-4931-BAFE-7F25044454FA}.Release|Any CPU.ActiveCfg = Release|Any CPU
		{0D25E3B0-A88B-4931-BAFE-7F25044454FA}.Release|Any CPU.Build.0 = Release|Any CPU
		{107E1B07-7198-45DC-89F0-65C8D3D57C8D}.Debug|Any CPU.ActiveCfg = Debug|Any CPU
		{107E1B07-7198-45DC-89F0-65C8D3D57C8D}.Debug|Any CPU.Build.0 = Debug|Any CPU
		{107E1B07-7198-45DC-89F0-65C8D3D57C8D}.Release|Any CPU.ActiveCfg = Release|Any CPU
		{107E1B07-7198-45DC-89F0-65C8D3D57C8D}.Release|Any CPU.Build.0 = Release|Any CPU
		{B2A0553B-BB31-4C25-8BC2-06BBF338A01C}.Debug|Any CPU.ActiveCfg = Debug|Any CPU
		{B2A0553B-BB31-4C25-8BC2-06BBF338A01C}.Debug|Any CPU.Build.0 = Debug|Any CPU
		{B2A0553B-BB31-4C25-8BC2-06BBF338A01C}.Release|Any CPU.ActiveCfg = Release|Any CPU
		{B2A0553B-BB31-4C25-8BC2-06BBF338A01C}.Release|Any CPU.Build.0 = Release|Any CPU
		{D7613F80-EAA1-4F67-9400-B6655FACDF83}.Debug|Any CPU.ActiveCfg = Debug|Any CPU
		{D7613F80-EAA1-4F67-9400-B6655FACDF83}.Debug|Any CPU.Build.0 = Debug|Any CPU
		{D7613F80-EAA1-4F67-9400-B6655FACDF83}.Release|Any CPU.ActiveCfg = Release|Any CPU
		{D7613F80-EAA1-4F67-9400-B6655FACDF83}.Release|Any CPU.Build.0 = Release|Any CPU
		{FD3AE3CC-F9C1-495A-BF32-9327186C61EB}.Debug|Any CPU.ActiveCfg = Debug|Any CPU
		{FD3AE3CC-F9C1-495A-BF32-9327186C61EB}.Debug|Any CPU.Build.0 = Debug|Any CPU
		{FD3AE3CC-F9C1-495A-BF32-9327186C61EB}.Release|Any CPU.ActiveCfg = Release|Any CPU
		{FD3AE3CC-F9C1-495A-BF32-9327186C61EB}.Release|Any CPU.Build.0 = Release|Any CPU
		{C4ABD656-3137-4FCB-976E-97D2C6C64BEF}.Debug|Any CPU.ActiveCfg = Debug|Any CPU
		{C4ABD656-3137-4FCB-976E-97D2C6C64BEF}.Debug|Any CPU.Build.0 = Debug|Any CPU
		{C4ABD656-3137-4FCB-976E-97D2C6C64BEF}.Release|Any CPU.ActiveCfg = Release|Any CPU
		{C4ABD656-3137-4FCB-976E-97D2C6C64BEF}.Release|Any CPU.Build.0 = Release|Any CPU
		{16A49B42-8930-46ED-A7D3-179A4CF12569}.Debug|Any CPU.ActiveCfg = Debug|Any CPU
		{16A49B42-8930-46ED-A7D3-179A4CF12569}.Debug|Any CPU.Build.0 = Debug|Any CPU
		{16A49B42-8930-46ED-A7D3-179A4CF12569}.Release|Any CPU.ActiveCfg = Release|Any CPU
		{16A49B42-8930-46ED-A7D3-179A4CF12569}.Release|Any CPU.Build.0 = Release|Any CPU
		{CDF7EA7D-84CE-46DC-BE25-F4627E2F9809}.Debug|Any CPU.ActiveCfg = Debug|Any CPU
		{CDF7EA7D-84CE-46DC-BE25-F4627E2F9809}.Debug|Any CPU.Build.0 = Debug|Any CPU
		{CDF7EA7D-84CE-46DC-BE25-F4627E2F9809}.Release|Any CPU.ActiveCfg = Release|Any CPU
		{CDF7EA7D-84CE-46DC-BE25-F4627E2F9809}.Release|Any CPU.Build.0 = Release|Any CPU
	EndGlobalSection
	GlobalSection(SolutionProperties) = preSolution
		HideSolutionNode = FALSE
	EndGlobalSection
	GlobalSection(NestedProjects) = preSolution
		{A03803E1-4832-4991-9B80-5CD06686AA54} = {C6D31427-99AD-477F-BAD7-71594BADD0FC}
		{A06A9AA1-71A8-48A2-A9DF-457E69329276} = {C6D31427-99AD-477F-BAD7-71594BADD0FC}
		{0D25E3B0-A88B-4931-BAFE-7F25044454FA} = {D8ECFD29-7A63-4B9B-9F58-4E84DA0AB777}
		{107E1B07-7198-45DC-89F0-65C8D3D57C8D} = {D8ECFD29-7A63-4B9B-9F58-4E84DA0AB777}
		{B2A0553B-BB31-4C25-8BC2-06BBF338A01C} = {6BC67263-6069-4B81-94D6-720EE12A33E6}
		{D7613F80-EAA1-4F67-9400-B6655FACDF83} = {6BC67263-6069-4B81-94D6-720EE12A33E6}
		{FD3AE3CC-F9C1-495A-BF32-9327186C61EB} = {3F7619C8-ADE7-492C-8C07-F13602B21CFE}
		{C4ABD656-3137-4FCB-976E-97D2C6C64BEF} = {3F7619C8-ADE7-492C-8C07-F13602B21CFE}
		{16A49B42-8930-46ED-A7D3-179A4CF12569} = {EFA1143F-ECD4-45B7-BE46-905988D7ABC3}
		{CDF7EA7D-84CE-46DC-BE25-F4627E2F9809} = {EFA1143F-ECD4-45B7-BE46-905988D7ABC3}
	EndGlobalSection
EndGlobal
